{
  "name": "price-calculator-cli",
  "version": "1.0.0",
  "lockfileVersion": 2,
  "requires": true,
  "packages": {
    "": {
      "name": "price-calculator-cli",
      "version": "1.0.0",
      "license": "ISC",
      "bin": {
        "price-calculator": "bin/price-calculator"
      }
    }
  }
}
